{
  "pins" : [
    {
      "identity" : "fakery",
      "kind" : "remoteSourceControl",
      "location" : "https://github.com/vadymmarkov/Fakery",
      "state" : {
        "branch" : "master",
        "revision" : "fb7ca285377a2163867fa2c2e61d06d5f6eaedfb"
      }
    },
    {
      "identity" : "rxswift",
      "kind" : "remoteSourceControl",
      "location" : "https://github.com/ReactiveX/RxSwift.git",
      "state" : {
        "branch" : "main",
        "revision" : "04c8d2b491b54e46a3534254bed8807b4a954fad"
      }
    }
  ],
  "version" : 2
}
