// !$*UTF8*$!
{
	archiveVersion = 1;
	classes = {
	};
	objectVersion = 56;
	objects = {

/* Begin PBXBuildFile section */
		860642A029DDC6AA00BCFD5C /* CombineCocoa in Frameworks */ = {isa = PBXBuildFile; productRef = 8606429F29DDC6AA00BCFD5C /* CombineCocoa */; };
		861A6E5F29E42DB90016B873 /* WorkerAPI.swift in Sources */ = {isa = PBXBuildFile; fileRef = 861A6E5E29E42DB90016B873 /* WorkerAPI.swift */; };
		861A6E6229E449AE0016B873 /* RxCocoa in Frameworks */ = {isa = PBXBuildFile; productRef = 861A6E6129E449AE0016B873 /* RxCocoa */; };
		861A6E6429E449AE0016B873 /* RxRelay in Frameworks */ = {isa = PBXBuildFile; productRef = 861A6E6329E449AE0016B873 /* RxRelay */; };
		861A6EAC29E5517F0016B873 /* MainViewControllerTests.swift in Sources */ = {isa = PBXBuildFile; fileRef = 861A6EA829E5517F0016B873 /* MainViewControllerTests.swift */; };
		861A6EAD29E5517F0016B873 /* MainInteractorTests.swift in Sources */ = {isa = PBXBuildFile; fileRef = 861A6EA929E5517F0016B873 /* MainInteractorTests.swift */; };
		861A6EAE29E5517F0016B873 /* MainWorkerTests.swift in Sources */ = {isa = PBXBuildFile; fileRef = 861A6EAA29E5517F0016B873 /* MainWorkerTests.swift */; };
		861A6EAF29E5517F0016B873 /* MainPresenterTests.swift in Sources */ = {isa = PBXBuildFile; fileRef = 861A6EAB29E5517F0016B873 /* MainPresenterTests.swift */; };
		864073F129DC688D00264436 /* UIColor.swift in Sources */ = {isa = PBXBuildFile; fileRef = 864073F029DC688D00264436 /* UIColor.swift */; };
		864073F329DC689600264436 /* UITextField.swift in Sources */ = {isa = PBXBuildFile; fileRef = 864073F229DC689600264436 /* UITextField.swift */; };
		864073F529DC698200264436 /* UIImage.swift in Sources */ = {isa = PBXBuildFile; fileRef = 864073F429DC698200264436 /* UIImage.swift */; };
		8654278029CDA5CE006E23A0 /* AppDelegate.swift in Sources */ = {isa = PBXBuildFile; fileRef = 8654277F29CDA5CE006E23A0 /* AppDelegate.swift */; };
		8654278229CDA5CE006E23A0 /* SceneDelegate.swift in Sources */ = {isa = PBXBuildFile; fileRef = 8654278129CDA5CE006E23A0 /* SceneDelegate.swift */; };
		8654278729CDA5CE006E23A0 /* Main.storyboard in Resources */ = {isa = PBXBuildFile; fileRef = 8654278529CDA5CE006E23A0 /* Main.storyboard */; };
		8654278929CDA5CE006E23A0 /* Assets.xcassets in Resources */ = {isa = PBXBuildFile; fileRef = 8654278829CDA5CE006E23A0 /* Assets.xcassets */; };
		8654278C29CDA5CE006E23A0 /* LaunchScreen.storyboard in Resources */ = {isa = PBXBuildFile; fileRef = 8654278A29CDA5CE006E23A0 /* LaunchScreen.storyboard */; };
		8654279B29CDA6FA006E23A0 /* MainPresenter.swift in Sources */ = {isa = PBXBuildFile; fileRef = 8654279529CDA6FA006E23A0 /* MainPresenter.swift */; };
		8654279C29CDA6FA006E23A0 /* MainWorker.swift in Sources */ = {isa = PBXBuildFile; fileRef = 8654279629CDA6FA006E23A0 /* MainWorker.swift */; };
		8654279D29CDA6FA006E23A0 /* MainRouter.swift in Sources */ = {isa = PBXBuildFile; fileRef = 8654279729CDA6FA006E23A0 /* MainRouter.swift */; };
		8654279E29CDA6FA006E23A0 /* MainModels.swift in Sources */ = {isa = PBXBuildFile; fileRef = 8654279829CDA6FA006E23A0 /* MainModels.swift */; };
		8654279F29CDA6FA006E23A0 /* MainViewController.swift in Sources */ = {isa = PBXBuildFile; fileRef = 8654279929CDA6FA006E23A0 /* MainViewController.swift */; };
		865427A029CDA6FA006E23A0 /* MainInteractor.swift in Sources */ = {isa = PBXBuildFile; fileRef = 8654279A29CDA6FA006E23A0 /* MainInteractor.swift */; };
		8655A4D929DA892500412868 /* AddPresenter.swift in Sources */ = {isa = PBXBuildFile; fileRef = 8655A4D329DA892500412868 /* AddPresenter.swift */; };
		8655A4DA29DA892500412868 /* AddWorker.swift in Sources */ = {isa = PBXBuildFile; fileRef = 8655A4D429DA892500412868 /* AddWorker.swift */; };
		8655A4DB29DA892500412868 /* AddRouter.swift in Sources */ = {isa = PBXBuildFile; fileRef = 8655A4D529DA892500412868 /* AddRouter.swift */; };
		8655A4DC29DA892500412868 /* AddModels.swift in Sources */ = {isa = PBXBuildFile; fileRef = 8655A4D629DA892500412868 /* AddModels.swift */; };
		8655A4DD29DA892500412868 /* AddViewController.swift in Sources */ = {isa = PBXBuildFile; fileRef = 8655A4D729DA892500412868 /* AddViewController.swift */; };
		8655A4DE29DA892500412868 /* AddInteractor.swift in Sources */ = {isa = PBXBuildFile; fileRef = 8655A4D829DA892500412868 /* AddInteractor.swift */; };
		8655A4E329DAA61800412868 /* TodoPostDTO.swift in Sources */ = {isa = PBXBuildFile; fileRef = 8655A4E229DAA61800412868 /* TodoPostDTO.swift */; };
		8655A4E529DAA93A00412868 /* Multipartform.swift in Sources */ = {isa = PBXBuildFile; fileRef = 8655A4E429DAA93A00412868 /* Multipartform.swift */; };
		8655A4E729DAB1D800412868 /* PercentEncoding.swift in Sources */ = {isa = PBXBuildFile; fileRef = 8655A4E629DAB1D800412868 /* PercentEncoding.swift */; };
		8655A4EC29DC195100412868 /* AlertBuilder.swift in Sources */ = {isa = PBXBuildFile; fileRef = 8655A4EB29DC195100412868 /* AlertBuilder.swift */; };
		865F559229D07A7F00908B3E /* MyTableViewCell.xib in Resources */ = {isa = PBXBuildFile; fileRef = 865F559129D07A7F00908B3E /* MyTableViewCell.xib */; };
		865F559629D07CFE00908B3E /* MyTableViewCell.swift in Sources */ = {isa = PBXBuildFile; fileRef = 865F559529D07CFE00908B3E /* MyTableViewCell.swift */; };
		865F55B629D09B2900908B3E /* TodoRequestManager.swift in Sources */ = {isa = PBXBuildFile; fileRef = 865F55B529D09B2800908B3E /* TodoRequestManager.swift */; };
		865F55B929D0A23000908B3E /* HTTPMethod.swift in Sources */ = {isa = PBXBuildFile; fileRef = 865F55B829D0A23000908B3E /* HTTPMethod.swift */; };
		865F55C629D0A3B600908B3E /* TodoApiManager.swift in Sources */ = {isa = PBXBuildFile; fileRef = 865F55C529D0A3B600908B3E /* TodoApiManager.swift */; };
		865F55C829D0A40600908B3E /* NetworkError.swift in Sources */ = {isa = PBXBuildFile; fileRef = 865F55C729D0A40600908B3E /* NetworkError.swift */; };
		865F55F329D3192E00908B3E /* TodoStorage.swift in Sources */ = {isa = PBXBuildFile; fileRef = 865F55F229D3192E00908B3E /* TodoStorage.swift */; };
		865F55F629D31A0600908B3E /* TodoListDTO.swift in Sources */ = {isa = PBXBuildFile; fileRef = 865F55F529D31A0600908B3E /* TodoListDTO.swift */; };
		865F55F829D31EB900908B3E /* TodoRepositorty.swift in Sources */ = {isa = PBXBuildFile; fileRef = 865F55F729D31EB900908B3E /* TodoRepositorty.swift */; };
		865F55FA29D31F0F00908B3E /* TodoRepositorable.swift in Sources */ = {isa = PBXBuildFile; fileRef = 865F55F929D31F0F00908B3E /* TodoRepositorable.swift */; };
		865F55FE29D31FCC00908B3E /* TodoEntity.swift in Sources */ = {isa = PBXBuildFile; fileRef = 865F55FD29D31FCC00908B3E /* TodoEntity.swift */; };
		865F560029D320CB00908B3E /* TodoUseCase.swift in Sources */ = {isa = PBXBuildFile; fileRef = 865F55FF29D320CB00908B3E /* TodoUseCase.swift */; };
		865F560329D5E04100908B3E /* Array.swift in Sources */ = {isa = PBXBuildFile; fileRef = 865F560229D5E04100908B3E /* Array.swift */; };
		865F560B29D995BB00908B3E /* DetailPresenter.swift in Sources */ = {isa = PBXBuildFile; fileRef = 865F560529D995BB00908B3E /* DetailPresenter.swift */; };
		865F560C29D995BB00908B3E /* DetailWorker.swift in Sources */ = {isa = PBXBuildFile; fileRef = 865F560629D995BB00908B3E /* DetailWorker.swift */; };
		865F560D29D995BB00908B3E /* DetailRouter.swift in Sources */ = {isa = PBXBuildFile; fileRef = 865F560729D995BB00908B3E /* DetailRouter.swift */; };
		865F560E29D995BB00908B3E /* DetailModels.swift in Sources */ = {isa = PBXBuildFile; fileRef = 865F560829D995BB00908B3E /* DetailModels.swift */; };
		865F560F29D995BB00908B3E /* DetailViewController.swift in Sources */ = {isa = PBXBuildFile; fileRef = 865F560929D995BB00908B3E /* DetailViewController.swift */; };
		865F561029D995BB00908B3E /* DetailInteractor.swift in Sources */ = {isa = PBXBuildFile; fileRef = 865F560A29D995BB00908B3E /* DetailInteractor.swift */; };
		86D0376C29DC8CF400BE9996 /* TodoDTO.swift in Sources */ = {isa = PBXBuildFile; fileRef = 86D0376B29DC8CF400BE9996 /* TodoDTO.swift */; };
/* End PBXBuildFile section */

/* Begin PBXContainerItemProxy section */
		861A6EA329E5516F0016B873 /* PBXContainerItemProxy */ = {
			isa = PBXContainerItemProxy;
			containerPortal = 8654277429CDA5CE006E23A0 /* Project object */;
			proxyType = 1;
			remoteGlobalIDString = 8654277B29CDA5CE006E23A0;
			remoteInfo = TodoVipApp;
		};
/* End PBXContainerItemProxy section */

/* Begin PBXFileReference section */
		861A6E5E29E42DB90016B873 /* WorkerAPI.swift */ = {isa = PBXFileReference; lastKnownFileType = sourcecode.swift; path = WorkerAPI.swift; sourceTree = "<group>"; };
		861A6E9F29E5516F0016B873 /* TodoVipAppTests.xctest */ = {isa = PBXFileReference; explicitFileType = wrapper.cfbundle; includeInIndex = 0; path = TodoVipAppTests.xctest; sourceTree = BUILT_PRODUCTS_DIR; };
		861A6EA829E5517F0016B873 /* MainViewControllerTests.swift */ = {isa = PBXFileReference; lastKnownFileType = sourcecode.swift; path = MainViewControllerTests.swift; sourceTree = "<group>"; };
		861A6EA929E5517F0016B873 /* MainInteractorTests.swift */ = {isa = PBXFileReference; lastKnownFileType = sourcecode.swift; path = MainInteractorTests.swift; sourceTree = "<group>"; };
		861A6EAA29E5517F0016B873 /* MainWorkerTests.swift */ = {isa = PBXFileReference; lastKnownFileType = sourcecode.swift; path = MainWorkerTests.swift; sourceTree = "<group>"; };
		861A6EAB29E5517F0016B873 /* MainPresenterTests.swift */ = {isa = PBXFileReference; lastKnownFileType = sourcecode.swift; path = MainPresenterTests.swift; sourceTree = "<group>"; };
		864073F029DC688D00264436 /* UIColor.swift */ = {isa = PBXFileReference; lastKnownFileType = sourcecode.swift; path = UIColor.swift; sourceTree = "<group>"; };
		864073F229DC689600264436 /* UITextField.swift */ = {isa = PBXFileReference; lastKnownFileType = sourcecode.swift; path = UITextField.swift; sourceTree = "<group>"; };
		864073F429DC698200264436 /* UIImage.swift */ = {isa = PBXFileReference; lastKnownFileType = sourcecode.swift; path = UIImage.swift; sourceTree = "<group>"; };
		8654277C29CDA5CE006E23A0 /* TodoVipApp.app */ = {isa = PBXFileReference; explicitFileType = wrapper.application; includeInIndex = 0; path = TodoVipApp.app; sourceTree = BUILT_PRODUCTS_DIR; };
		8654277F29CDA5CE006E23A0 /* AppDelegate.swift */ = {isa = PBXFileReference; lastKnownFileType = sourcecode.swift; path = AppDelegate.swift; sourceTree = "<group>"; };
		8654278129CDA5CE006E23A0 /* SceneDelegate.swift */ = {isa = PBXFileReference; lastKnownFileType = sourcecode.swift; path = SceneDelegate.swift; sourceTree = "<group>"; };
		8654278629CDA5CE006E23A0 /* Base */ = {isa = PBXFileReference; lastKnownFileType = file.storyboard; name = Base; path = Base.lproj/Main.storyboard; sourceTree = "<group>"; };
		8654278829CDA5CE006E23A0 /* Assets.xcassets */ = {isa = PBXFileReference; lastKnownFileType = folder.assetcatalog; path = Assets.xcassets; sourceTree = "<group>"; };
		8654278B29CDA5CE006E23A0 /* Base */ = {isa = PBXFileReference; lastKnownFileType = file.storyboard; name = Base; path = Base.lproj/LaunchScreen.storyboard; sourceTree = "<group>"; };
		8654278D29CDA5CE006E23A0 /* Info.plist */ = {isa = PBXFileReference; lastKnownFileType = text.plist.xml; path = Info.plist; sourceTree = "<group>"; };
		8654279529CDA6FA006E23A0 /* MainPresenter.swift */ = {isa = PBXFileReference; lastKnownFileType = sourcecode.swift; path = MainPresenter.swift; sourceTree = "<group>"; };
		8654279629CDA6FA006E23A0 /* MainWorker.swift */ = {isa = PBXFileReference; lastKnownFileType = sourcecode.swift; path = MainWorker.swift; sourceTree = "<group>"; };
		8654279729CDA6FA006E23A0 /* MainRouter.swift */ = {isa = PBXFileReference; lastKnownFileType = sourcecode.swift; path = MainRouter.swift; sourceTree = "<group>"; };
		8654279829CDA6FA006E23A0 /* MainModels.swift */ = {isa = PBXFileReference; lastKnownFileType = sourcecode.swift; path = MainModels.swift; sourceTree = "<group>"; };
		8654279929CDA6FA006E23A0 /* MainViewController.swift */ = {isa = PBXFileReference; lastKnownFileType = sourcecode.swift; path = MainViewController.swift; sourceTree = "<group>"; };
		8654279A29CDA6FA006E23A0 /* MainInteractor.swift */ = {isa = PBXFileReference; lastKnownFileType = sourcecode.swift; path = MainInteractor.swift; sourceTree = "<group>"; };
		8655A4D329DA892500412868 /* AddPresenter.swift */ = {isa = PBXFileReference; lastKnownFileType = sourcecode.swift; path = AddPresenter.swift; sourceTree = "<group>"; };
		8655A4D429DA892500412868 /* AddWorker.swift */ = {isa = PBXFileReference; lastKnownFileType = sourcecode.swift; path = AddWorker.swift; sourceTree = "<group>"; };
		8655A4D529DA892500412868 /* AddRouter.swift */ = {isa = PBXFileReference; lastKnownFileType = sourcecode.swift; path = AddRouter.swift; sourceTree = "<group>"; };
		8655A4D629DA892500412868 /* AddModels.swift */ = {isa = PBXFileReference; lastKnownFileType = sourcecode.swift; path = AddModels.swift; sourceTree = "<group>"; };
		8655A4D729DA892500412868 /* AddViewController.swift */ = {isa = PBXFileReference; lastKnownFileType = sourcecode.swift; path = AddViewController.swift; sourceTree = "<group>"; };
		8655A4D829DA892500412868 /* AddInteractor.swift */ = {isa = PBXFileReference; lastKnownFileType = sourcecode.swift; path = AddInteractor.swift; sourceTree = "<group>"; };
		8655A4E229DAA61800412868 /* TodoPostDTO.swift */ = {isa = PBXFileReference; lastKnownFileType = sourcecode.swift; path = TodoPostDTO.swift; sourceTree = "<group>"; };
		8655A4E429DAA93A00412868 /* Multipartform.swift */ = {isa = PBXFileReference; lastKnownFileType = sourcecode.swift; path = Multipartform.swift; sourceTree = "<group>"; };
		8655A4E629DAB1D800412868 /* PercentEncoding.swift */ = {isa = PBXFileReference; lastKnownFileType = sourcecode.swift; path = PercentEncoding.swift; sourceTree = "<group>"; };
		8655A4EB29DC195100412868 /* AlertBuilder.swift */ = {isa = PBXFileReference; lastKnownFileType = sourcecode.swift; path = AlertBuilder.swift; sourceTree = "<group>"; };
		865F559129D07A7F00908B3E /* MyTableViewCell.xib */ = {isa = PBXFileReference; lastKnownFileType = file.xib; path = MyTableViewCell.xib; sourceTree = "<group>"; };
		865F559529D07CFE00908B3E /* MyTableViewCell.swift */ = {isa = PBXFileReference; lastKnownFileType = sourcecode.swift; path = MyTableViewCell.swift; sourceTree = "<group>"; };
		865F55B529D09B2800908B3E /* TodoRequestManager.swift */ = {isa = PBXFileReference; lastKnownFileType = sourcecode.swift; path = TodoRequestManager.swift; sourceTree = "<group>"; };
		865F55B829D0A23000908B3E /* HTTPMethod.swift */ = {isa = PBXFileReference; lastKnownFileType = sourcecode.swift; path = HTTPMethod.swift; sourceTree = "<group>"; };
		865F55C529D0A3B600908B3E /* TodoApiManager.swift */ = {isa = PBXFileReference; lastKnownFileType = sourcecode.swift; path = TodoApiManager.swift; sourceTree = "<group>"; };
		865F55C729D0A40600908B3E /* NetworkError.swift */ = {isa = PBXFileReference; lastKnownFileType = sourcecode.swift; path = NetworkError.swift; sourceTree = "<group>"; };
		865F55F229D3192E00908B3E /* TodoStorage.swift */ = {isa = PBXFileReference; lastKnownFileType = sourcecode.swift; path = TodoStorage.swift; sourceTree = "<group>"; };
		865F55F529D31A0600908B3E /* TodoListDTO.swift */ = {isa = PBXFileReference; lastKnownFileType = sourcecode.swift; path = TodoListDTO.swift; sourceTree = "<group>"; };
		865F55F729D31EB900908B3E /* TodoRepositorty.swift */ = {isa = PBXFileReference; lastKnownFileType = sourcecode.swift; path = TodoRepositorty.swift; sourceTree = "<group>"; };
		865F55F929D31F0F00908B3E /* TodoRepositorable.swift */ = {isa = PBXFileReference; lastKnownFileType = sourcecode.swift; path = TodoRepositorable.swift; sourceTree = "<group>"; };
		865F55FD29D31FCC00908B3E /* TodoEntity.swift */ = {isa = PBXFileReference; lastKnownFileType = sourcecode.swift; path = TodoEntity.swift; sourceTree = "<group>"; };
		865F55FF29D320CB00908B3E /* TodoUseCase.swift */ = {isa = PBXFileReference; lastKnownFileType = sourcecode.swift; path = TodoUseCase.swift; sourceTree = "<group>"; };
		865F560229D5E04100908B3E /* Array.swift */ = {isa = PBXFileReference; lastKnownFileType = sourcecode.swift; path = Array.swift; sourceTree = "<group>"; };
		865F560529D995BB00908B3E /* DetailPresenter.swift */ = {isa = PBXFileReference; lastKnownFileType = sourcecode.swift; path = DetailPresenter.swift; sourceTree = "<group>"; };
		865F560629D995BB00908B3E /* DetailWorker.swift */ = {isa = PBXFileReference; lastKnownFileType = sourcecode.swift; path = DetailWorker.swift; sourceTree = "<group>"; };
		865F560729D995BB00908B3E /* DetailRouter.swift */ = {isa = PBXFileReference; lastKnownFileType = sourcecode.swift; path = DetailRouter.swift; sourceTree = "<group>"; };
		865F560829D995BB00908B3E /* DetailModels.swift */ = {isa = PBXFileReference; lastKnownFileType = sourcecode.swift; path = DetailModels.swift; sourceTree = "<group>"; };
		865F560929D995BB00908B3E /* DetailViewController.swift */ = {isa = PBXFileReference; lastKnownFileType = sourcecode.swift; path = DetailViewController.swift; sourceTree = "<group>"; };
		865F560A29D995BB00908B3E /* DetailInteractor.swift */ = {isa = PBXFileReference; lastKnownFileType = sourcecode.swift; path = DetailInteractor.swift; sourceTree = "<group>"; };
		86D0376B29DC8CF400BE9996 /* TodoDTO.swift */ = {isa = PBXFileReference; lastKnownFileType = sourcecode.swift; path = TodoDTO.swift; sourceTree = "<group>"; };
/* End PBXFileReference section */

/* Begin PBXFrameworksBuildPhase section */
		861A6E9C29E5516F0016B873 /* Frameworks */ = {
			isa = PBXFrameworksBuildPhase;
			buildActionMask = 2147483647;
			files = (
			);
			runOnlyForDeploymentPostprocessing = 0;
		};
		8654277929CDA5CE006E23A0 /* Frameworks */ = {
			isa = PBXFrameworksBuildPhase;
			buildActionMask = 2147483647;
			files = (
				861A6E6429E449AE0016B873 /* RxRelay in Frameworks */,
				861A6E6229E449AE0016B873 /* RxCocoa in Frameworks */,
				860642A029DDC6AA00BCFD5C /* CombineCocoa in Frameworks */,
			);
			runOnlyForDeploymentPostprocessing = 0;
		};
/* End PBXFrameworksBuildPhase section */

/* Begin PBXGroup section */
		861A6E5D29E42DA20016B873 /* APIWoker */ = {
			isa = PBXGroup;
			children = (
				861A6E5E29E42DB90016B873 /* WorkerAPI.swift */,
			);
			path = APIWoker;
			sourceTree = "<group>";
		};
		861A6EA029E5516F0016B873 /* TodoVipAppTests */ = {
			isa = PBXGroup;
			children = (
				861A6EA829E5517F0016B873 /* MainViewControllerTests.swift */,
				861A6EA929E5517F0016B873 /* MainInteractorTests.swift */,
				861A6EAA29E5517F0016B873 /* MainWorkerTests.swift */,
				861A6EAB29E5517F0016B873 /* MainPresenterTests.swift */,
			);
			path = TodoVipAppTests;
			sourceTree = "<group>";
		};
		8654277329CDA5CE006E23A0 = {
			isa = PBXGroup;
			children = (
				8654277E29CDA5CE006E23A0 /* TodoVipApp */,
				861A6EA029E5516F0016B873 /* TodoVipAppTests */,
				8654277D29CDA5CE006E23A0 /* Products */,
			);
			sourceTree = "<group>";
		};
		8654277D29CDA5CE006E23A0 /* Products */ = {
			isa = PBXGroup;
			children = (
				8654277C29CDA5CE006E23A0 /* TodoVipApp.app */,
				861A6E9F29E5516F0016B873 /* TodoVipAppTests.xctest */,
			);
			name = Products;
			sourceTree = "<group>";
		};
		8654277E29CDA5CE006E23A0 /* TodoVipApp */ = {
			isa = PBXGroup;
			children = (
				8654277F29CDA5CE006E23A0 /* AppDelegate.swift */,
				8654278129CDA5CE006E23A0 /* SceneDelegate.swift */,
				8655A4E929DC193B00412868 /* Utils */,
				865F560129D5E02700908B3E /* Extension */,
				8654279329CDA6C1006E23A0 /* Scene */,
				8654278829CDA5CE006E23A0 /* Assets.xcassets */,
				8654278529CDA5CE006E23A0 /* Main.storyboard */,
				865F55C929D0AA9B00908B3E /* Domain */,
				865F55C129D0A38F00908B3E /* Data */,
				865F55B429D09AE900908B3E /* Infrastructure */,
				8654278A29CDA5CE006E23A0 /* LaunchScreen.storyboard */,
				8654278D29CDA5CE006E23A0 /* Info.plist */,
			);
			path = TodoVipApp;
			sourceTree = "<group>";
		};
		8654279329CDA6C1006E23A0 /* Scene */ = {
			isa = PBXGroup;
			children = (
				861A6E5D29E42DA20016B873 /* APIWoker */,
				8655A4D229DA891400412868 /* Add */,
				865F560429D995AA00908B3E /* Modify */,
				8654279429CDA6D3006E23A0 /* Main */,
			);
			path = Scene;
			sourceTree = "<group>";
		};
		8654279429CDA6D3006E23A0 /* Main */ = {
			isa = PBXGroup;
			children = (
				865F559529D07CFE00908B3E /* MyTableViewCell.swift */,
				865F559129D07A7F00908B3E /* MyTableViewCell.xib */,
				8654279529CDA6FA006E23A0 /* MainPresenter.swift */,
				8654279629CDA6FA006E23A0 /* MainWorker.swift */,
				8654279829CDA6FA006E23A0 /* MainModels.swift */,
				8654279929CDA6FA006E23A0 /* MainViewController.swift */,
				8654279A29CDA6FA006E23A0 /* MainInteractor.swift */,
				8654279729CDA6FA006E23A0 /* MainRouter.swift */,
			);
			path = Main;
			sourceTree = "<group>";
		};
		8655A4D229DA891400412868 /* Add */ = {
			isa = PBXGroup;
			children = (
				8655A4D329DA892500412868 /* AddPresenter.swift */,
				8655A4D429DA892500412868 /* AddWorker.swift */,
				8655A4D629DA892500412868 /* AddModels.swift */,
				8655A4D729DA892500412868 /* AddViewController.swift */,
				8655A4D829DA892500412868 /* AddInteractor.swift */,
				8655A4D529DA892500412868 /* AddRouter.swift */,
			);
			path = Add;
			sourceTree = "<group>";
		};
		8655A4E929DC193B00412868 /* Utils */ = {
			isa = PBXGroup;
			children = (
				8655A4EB29DC195100412868 /* AlertBuilder.swift */,
			);
			path = Utils;
			sourceTree = "<group>";
		};
		865F55B429D09AE900908B3E /* Infrastructure */ = {
			isa = PBXGroup;
			children = (
				865F55B529D09B2800908B3E /* TodoRequestManager.swift */,
				8655A4E629DAB1D800412868 /* PercentEncoding.swift */,
				865F55B829D0A23000908B3E /* HTTPMethod.swift */,
				865F55C729D0A40600908B3E /* NetworkError.swift */,
				8655A4E429DAA93A00412868 /* Multipartform.swift */,
			);
			path = Infrastructure;
			sourceTree = "<group>";
		};
		865F55C129D0A38F00908B3E /* Data */ = {
			isa = PBXGroup;
			children = (
				865F55C429D0A3A700908B3E /* Network */,
				865F55C329D0A3A200908B3E /* Storages */,
				865F55C229D0A39C00908B3E /* Repository */,
			);
			path = Data;
			sourceTree = "<group>";
		};
		865F55C229D0A39C00908B3E /* Repository */ = {
			isa = PBXGroup;
			children = (
				865F55F729D31EB900908B3E /* TodoRepositorty.swift */,
			);
			path = Repository;
			sourceTree = "<group>";
		};
		865F55C329D0A3A200908B3E /* Storages */ = {
			isa = PBXGroup;
			children = (
				865F55F229D3192E00908B3E /* TodoStorage.swift */,
			);
			path = Storages;
			sourceTree = "<group>";
		};
		865F55C429D0A3A700908B3E /* Network */ = {
			isa = PBXGroup;
			children = (
				865F55C529D0A3B600908B3E /* TodoApiManager.swift */,
				865F55F429D319F300908B3E /* DTO */,
			);
			path = Network;
			sourceTree = "<group>";
		};
		865F55C929D0AA9B00908B3E /* Domain */ = {
			isa = PBXGroup;
			children = (
				865F55CC29D0AAC500908B3E /* Entities */,
				865F55CB29D0AAAF00908B3E /* RepositoryInterface */,
				865F55CA29D0AAA500908B3E /* Usecase */,
			);
			path = Domain;
			sourceTree = "<group>";
		};
		865F55CA29D0AAA500908B3E /* Usecase */ = {
			isa = PBXGroup;
			children = (
				865F55FF29D320CB00908B3E /* TodoUseCase.swift */,
			);
			path = Usecase;
			sourceTree = "<group>";
		};
		865F55CB29D0AAAF00908B3E /* RepositoryInterface */ = {
			isa = PBXGroup;
			children = (
				865F55F929D31F0F00908B3E /* TodoRepositorable.swift */,
			);
			path = RepositoryInterface;
			sourceTree = "<group>";
		};
		865F55CC29D0AAC500908B3E /* Entities */ = {
			isa = PBXGroup;
			children = (
				865F55FD29D31FCC00908B3E /* TodoEntity.swift */,
			);
			path = Entities;
			sourceTree = "<group>";
		};
		865F55F429D319F300908B3E /* DTO */ = {
			isa = PBXGroup;
			children = (
				865F55F529D31A0600908B3E /* TodoListDTO.swift */,
				8655A4E229DAA61800412868 /* TodoPostDTO.swift */,
				86D0376B29DC8CF400BE9996 /* TodoDTO.swift */,
			);
			path = DTO;
			sourceTree = "<group>";
		};
		865F560129D5E02700908B3E /* Extension */ = {
			isa = PBXGroup;
			children = (
				865F560229D5E04100908B3E /* Array.swift */,
				864073F029DC688D00264436 /* UIColor.swift */,
				864073F229DC689600264436 /* UITextField.swift */,
				864073F429DC698200264436 /* UIImage.swift */,
			);
			path = Extension;
			sourceTree = "<group>";
		};
		865F560429D995AA00908B3E /* Modify */ = {
			isa = PBXGroup;
			children = (
				865F560529D995BB00908B3E /* DetailPresenter.swift */,
				865F560629D995BB00908B3E /* DetailWorker.swift */,
				865F560829D995BB00908B3E /* DetailModels.swift */,
				865F560929D995BB00908B3E /* DetailViewController.swift */,
				865F560A29D995BB00908B3E /* DetailInteractor.swift */,
				865F560729D995BB00908B3E /* DetailRouter.swift */,
			);
			path = Modify;
			sourceTree = "<group>";
		};
/* End PBXGroup section */

/* Begin PBXNativeTarget section */
		861A6E9E29E5516F0016B873 /* TodoVipAppTests */ = {
			isa = PBXNativeTarget;
			buildConfigurationList = 861A6EA529E5516F0016B873 /* Build configuration list for PBXNativeTarget "TodoVipAppTests" */;
			buildPhases = (
				861A6E9B29E5516F0016B873 /* Sources */,
				861A6E9C29E5516F0016B873 /* Frameworks */,
				861A6E9D29E5516F0016B873 /* Resources */,
			);
			buildRules = (
			);
			dependencies = (
				861A6EA429E5516F0016B873 /* PBXTargetDependency */,
			);
			name = TodoVipAppTests;
			productName = TodoVipAppTests;
			productReference = 861A6E9F29E5516F0016B873 /* TodoVipAppTests.xctest */;
			productType = "com.apple.product-type.bundle.unit-test";
		};
		8654277B29CDA5CE006E23A0 /* TodoVipApp */ = {
			isa = PBXNativeTarget;
			buildConfigurationList = 8654279029CDA5CE006E23A0 /* Build configuration list for PBXNativeTarget "TodoVipApp" */;
			buildPhases = (
				8654277829CDA5CE006E23A0 /* Sources */,
				8654277929CDA5CE006E23A0 /* Frameworks */,
				8654277A29CDA5CE006E23A0 /* Resources */,
			);
			buildRules = (
			);
			dependencies = (
			);
			name = TodoVipApp;
			packageProductDependencies = (
				8606429F29DDC6AA00BCFD5C /* CombineCocoa */,
				861A6E6129E449AE0016B873 /* RxCocoa */,
				861A6E6329E449AE0016B873 /* RxRelay */,
			);
			productName = TodoVipApp;
			productReference = 8654277C29CDA5CE006E23A0 /* TodoVipApp.app */;
			productType = "com.apple.product-type.application";
		};
/* End PBXNativeTarget section */

/* Begin PBXProject section */
		8654277429CDA5CE006E23A0 /* Project object */ = {
			isa = PBXProject;
			attributes = {
				BuildIndependentTargetsInParallel = 1;
				LastSwiftUpdateCheck = 1420;
				LastUpgradeCheck = 1420;
				TargetAttributes = {
					861A6E9E29E5516F0016B873 = {
						CreatedOnToolsVersion = 14.2;
						TestTargetID = 8654277B29CDA5CE006E23A0;
					};
					8654277B29CDA5CE006E23A0 = {
						CreatedOnToolsVersion = 14.2;
					};
				};
			};
			buildConfigurationList = 8654277729CDA5CE006E23A0 /* Build configuration list for PBXProject "TodoVipApp" */;
			compatibilityVersion = "Xcode 14.0";
			developmentRegion = en;
			hasScannedForEncodings = 0;
			knownRegions = (
				en,
				Base,
			);
			mainGroup = 8654277329CDA5CE006E23A0;
			packageReferences = (
				8606429E29DDC6AA00BCFD5C /* XCRemoteSwiftPackageReference "CombineCocoa" */,
				861A6E6029E449AE0016B873 /* XCRemoteSwiftPackageReference "RxSwift" */,
			);
			productRefGroup = 8654277D29CDA5CE006E23A0 /* Products */;
			projectDirPath = "";
			projectRoot = "";
			targets = (
				8654277B29CDA5CE006E23A0 /* TodoVipApp */,
				861A6E9E29E5516F0016B873 /* TodoVipAppTests */,
			);
		};
/* End PBXProject section */

/* Begin PBXResourcesBuildPhase section */
		861A6E9D29E5516F0016B873 /* Resources */ = {
			isa = PBXResourcesBuildPhase;
			buildActionMask = 2147483647;
			files = (
			);
			runOnlyForDeploymentPostprocessing = 0;
		};
		8654277A29CDA5CE006E23A0 /* Resources */ = {
			isa = PBXResourcesBuildPhase;
			buildActionMask = 2147483647;
			files = (
				8654278C29CDA5CE006E23A0 /* LaunchScreen.storyboard in Resources */,
				865F559229D07A7F00908B3E /* MyTableViewCell.xib in Resources */,
				8654278929CDA5CE006E23A0 /* Assets.xcassets in Resources */,
				8654278729CDA5CE006E23A0 /* Main.storyboard in Resources */,
			);
			runOnlyForDeploymentPostprocessing = 0;
		};
/* End PBXResourcesBuildPhase section */

/* Begin PBXSourcesBuildPhase section */
		861A6E9B29E5516F0016B873 /* Sources */ = {
			isa = PBXSourcesBuildPhase;
			buildActionMask = 2147483647;
			files = (
				861A6EAD29E5517F0016B873 /* MainInteractorTests.swift in Sources */,
				861A6EAF29E5517F0016B873 /* MainPresenterTests.swift in Sources */,
				861A6EAE29E5517F0016B873 /* MainWorkerTests.swift in Sources */,
				861A6EAC29E5517F0016B873 /* MainViewControllerTests.swift in Sources */,
			);
			runOnlyForDeploymentPostprocessing = 0;
		};
		8654277829CDA5CE006E23A0 /* Sources */ = {
			isa = PBXSourcesBuildPhase;
			buildActionMask = 2147483647;
			files = (
				8654278029CDA5CE006E23A0 /* AppDelegate.swift in Sources */,
				864073F529DC698200264436 /* UIImage.swift in Sources */,
				865F55C829D0A40600908B3E /* NetworkError.swift in Sources */,
				8655A4DB29DA892500412868 /* AddRouter.swift in Sources */,
				865F55F829D31EB900908B3E /* TodoRepositorty.swift in Sources */,
				8655A4E729DAB1D800412868 /* PercentEncoding.swift in Sources */,
				864073F329DC689600264436 /* UITextField.swift in Sources */,
				865F561029D995BB00908B3E /* DetailInteractor.swift in Sources */,
				865F560E29D995BB00908B3E /* DetailModels.swift in Sources */,
				865F55B629D09B2900908B3E /* TodoRequestManager.swift in Sources */,
				8655A4D929DA892500412868 /* AddPresenter.swift in Sources */,
				861A6E5F29E42DB90016B873 /* WorkerAPI.swift in Sources */,
				865F559629D07CFE00908B3E /* MyTableViewCell.swift in Sources */,
				8655A4DA29DA892500412868 /* AddWorker.swift in Sources */,
				8654278229CDA5CE006E23A0 /* SceneDelegate.swift in Sources */,
				865F55F629D31A0600908B3E /* TodoListDTO.swift in Sources */,
				8654279C29CDA6FA006E23A0 /* MainWorker.swift in Sources */,
				86D0376C29DC8CF400BE9996 /* TodoDTO.swift in Sources */,
				865F55FA29D31F0F00908B3E /* TodoRepositorable.swift in Sources */,
				865F560D29D995BB00908B3E /* DetailRouter.swift in Sources */,
				865F560329D5E04100908B3E /* Array.swift in Sources */,
				865F55F329D3192E00908B3E /* TodoStorage.swift in Sources */,
				865F560F29D995BB00908B3E /* DetailViewController.swift in Sources */,
				865F55FE29D31FCC00908B3E /* TodoEntity.swift in Sources */,
				8654279B29CDA6FA006E23A0 /* MainPresenter.swift in Sources */,
				8655A4E529DAA93A00412868 /* Multipartform.swift in Sources */,
				8655A4DE29DA892500412868 /* AddInteractor.swift in Sources */,
				8655A4DC29DA892500412868 /* AddModels.swift in Sources */,
				865F560C29D995BB00908B3E /* DetailWorker.swift in Sources */,
				865427A029CDA6FA006E23A0 /* MainInteractor.swift in Sources */,
				8654279E29CDA6FA006E23A0 /* MainModels.swift in Sources */,
				864073F129DC688D00264436 /* UIColor.swift in Sources */,
				865F560B29D995BB00908B3E /* DetailPresenter.swift in Sources */,
				865F55C629D0A3B600908B3E /* TodoApiManager.swift in Sources */,
				8655A4DD29DA892500412868 /* AddViewController.swift in Sources */,
				865F55B929D0A23000908B3E /* HTTPMethod.swift in Sources */,
				8655A4E329DAA61800412868 /* TodoPostDTO.swift in Sources */,
				865F560029D320CB00908B3E /* TodoUseCase.swift in Sources */,
				8655A4EC29DC195100412868 /* AlertBuilder.swift in Sources */,
				8654279D29CDA6FA006E23A0 /* MainRouter.swift in Sources */,
				8654279F29CDA6FA006E23A0 /* MainViewController.swift in Sources */,
			);
			runOnlyForDeploymentPostprocessing = 0;
		};
/* End PBXSourcesBuildPhase section */

/* Begin PBXTargetDependency section */
		861A6EA429E5516F0016B873 /* PBXTargetDependency */ = {
			isa = PBXTargetDependency;
			target = 8654277B29CDA5CE006E23A0 /* TodoVipApp */;
			targetProxy = 861A6EA329E5516F0016B873 /* PBXContainerItemProxy */;
		};
/* End PBXTargetDependency section */

/* Begin PBXVariantGroup section */
		8654278529CDA5CE006E23A0 /* Main.storyboard */ = {
			isa = PBXVariantGroup;
			children = (
				8654278629CDA5CE006E23A0 /* Base */,
			);
			name = Main.storyboard;
			sourceTree = "<group>";
		};
		8654278A29CDA5CE006E23A0 /* LaunchScreen.storyboard */ = {
			isa = PBXVariantGroup;
			children = (
				8654278B29CDA5CE006E23A0 /* Base */,
			);
			name = LaunchScreen.storyboard;
			sourceTree = "<group>";
		};
/* End PBXVariantGroup section */

/* Begin XCBuildConfiguration section */
		861A6EA629E5516F0016B873 /* Debug */ = {
			isa = XCBuildConfiguration;
			buildSettings = {
				BUNDLE_LOADER = "$(TEST_HOST)";
				CODE_SIGN_STYLE = Automatic;
				CURRENT_PROJECT_VERSION = 1;
				GENERATE_INFOPLIST_FILE = YES;
				MARKETING_VERSION = 1.0;
				PRODUCT_BUNDLE_IDENTIFIER = joohan.TodoVipAppTests;
				PRODUCT_NAME = "$(TARGET_NAME)";
				SWIFT_EMIT_LOC_STRINGS = NO;
				SWIFT_VERSION = 5.0;
				TARGETED_DEVICE_FAMILY = "1,2";
				TEST_HOST = "$(BUILT_PRODUCTS_DIR)/TodoVipApp.app/$(BUNDLE_EXECUTABLE_FOLDER_PATH)/TodoVipApp";
			};
			name = Debug;
		};
		861A6EA729E5516F0016B873 /* Release */ = {
			isa = XCBuildConfiguration;
			buildSettings = {
				BUNDLE_LOADER = "$(TEST_HOST)";
				CODE_SIGN_STYLE = Automatic;
				CURRENT_PROJECT_VERSION = 1;
				GENERATE_INFOPLIST_FILE = YES;
				MARKETING_VERSION = 1.0;
				PRODUCT_BUNDLE_IDENTIFIER = joohan.TodoVipAppTests;
				PRODUCT_NAME = "$(TARGET_NAME)";
				SWIFT_EMIT_LOC_STRINGS = NO;
				SWIFT_VERSION = 5.0;
				TARGETED_DEVICE_FAMILY = "1,2";
				TEST_HOST = "$(BUILT_PRODUCTS_DIR)/TodoVipApp.app/$(BUNDLE_EXECUTABLE_FOLDER_PATH)/TodoVipApp";
			};
			name = Release;
		};
		8654278E29CDA5CE006E23A0 /* Debug */ = {
			isa = XCBuildConfiguration;
			buildSettings = {
				ALWAYS_SEARCH_USER_PATHS = NO;
				CLANG_ANALYZER_NONNULL = YES;
				CLANG_ANALYZER_NUMBER_OBJECT_CONVERSION = YES_AGGRESSIVE;
				CLANG_CXX_LANGUAGE_STANDARD = "gnu++20";
				CLANG_ENABLE_MODULES = YES;
				CLANG_ENABLE_OBJC_ARC = YES;
				CLANG_ENABLE_OBJC_WEAK = YES;
				CLANG_WARN_BLOCK_CAPTURE_AUTORELEASING = YES;
				CLANG_WARN_BOOL_CONVERSION = YES;
				CLANG_WARN_COMMA = YES;
				CLANG_WARN_CONSTANT_CONVERSION = YES;
				CLANG_WARN_DEPRECATED_OBJC_IMPLEMENTATIONS = YES;
				CLANG_WARN_DIRECT_OBJC_ISA_USAGE = YES_ERROR;
				CLANG_WARN_DOCUMENTATION_COMMENTS = YES;
				CLANG_WARN_EMPTY_BODY = YES;
				CLANG_WARN_ENUM_CONVERSION = YES;
				CLANG_WARN_INFINITE_RECURSION = YES;
				CLANG_WARN_INT_CONVERSION = YES;
				CLANG_WARN_NON_LITERAL_NULL_CONVERSION = YES;
				CLANG_WARN_OBJC_IMPLICIT_RETAIN_SELF = YES;
				CLANG_WARN_OBJC_LITERAL_CONVERSION = YES;
				CLANG_WARN_OBJC_ROOT_CLASS = YES_ERROR;
				CLANG_WARN_QUOTED_INCLUDE_IN_FRAMEWORK_HEADER = YES;
				CLANG_WARN_RANGE_LOOP_ANALYSIS = YES;
				CLANG_WARN_STRICT_PROTOTYPES = YES;
				CLANG_WARN_SUSPICIOUS_MOVE = YES;
				CLANG_WARN_UNGUARDED_AVAILABILITY = YES_AGGRESSIVE;
				CLANG_WARN_UNREACHABLE_CODE = YES;
				CLANG_WARN__DUPLICATE_METHOD_MATCH = YES;
				COPY_PHASE_STRIP = NO;
				DEBUG_INFORMATION_FORMAT = dwarf;
				ENABLE_STRICT_OBJC_MSGSEND = YES;
				ENABLE_TESTABILITY = YES;
				GCC_C_LANGUAGE_STANDARD = gnu11;
				GCC_DYNAMIC_NO_PIC = NO;
				GCC_NO_COMMON_BLOCKS = YES;
				GCC_OPTIMIZATION_LEVEL = 0;
				GCC_PREPROCESSOR_DEFINITIONS = (
					"DEBUG=1",
					"$(inherited)",
				);
				GCC_WARN_64_TO_32_BIT_CONVERSION = YES;
				GCC_WARN_ABOUT_RETURN_TYPE = YES_ERROR;
				GCC_WARN_UNDECLARED_SELECTOR = YES;
				GCC_WARN_UNINITIALIZED_AUTOS = YES_AGGRESSIVE;
				GCC_WARN_UNUSED_FUNCTION = YES;
				GCC_WARN_UNUSED_VARIABLE = YES;
				IPHONEOS_DEPLOYMENT_TARGET = 16.2;
				MTL_ENABLE_DEBUG_INFO = INCLUDE_SOURCE;
				MTL_FAST_MATH = YES;
				ONLY_ACTIVE_ARCH = YES;
				SDKROOT = iphoneos;
				SWIFT_ACTIVE_COMPILATION_CONDITIONS = DEBUG;
				SWIFT_OPTIMIZATION_LEVEL = "-Onone";
			};
			name = Debug;
		};
		8654278F29CDA5CE006E23A0 /* Release */ = {
			isa = XCBuildConfiguration;
			buildSettings = {
				ALWAYS_SEARCH_USER_PATHS = NO;
				CLANG_ANALYZER_NONNULL = YES;
				CLANG_ANALYZER_NUMBER_OBJECT_CONVERSION = YES_AGGRESSIVE;
				CLANG_CXX_LANGUAGE_STANDARD = "gnu++20";
				CLANG_ENABLE_MODULES = YES;
				CLANG_ENABLE_OBJC_ARC = YES;
				CLANG_ENABLE_OBJC_WEAK = YES;
				CLANG_WARN_BLOCK_CAPTURE_AUTORELEASING = YES;
				CLANG_WARN_BOOL_CONVERSION = YES;
				CLANG_WARN_COMMA = YES;
				CLANG_WARN_CONSTANT_CONVERSION = YES;
				CLANG_WARN_DEPRECATED_OBJC_IMPLEMENTATIONS = YES;
				CLANG_WARN_DIRECT_OBJC_ISA_USAGE = YES_ERROR;
				CLANG_WARN_DOCUMENTATION_COMMENTS = YES;
				CLANG_WARN_EMPTY_BODY = YES;
				CLANG_WARN_ENUM_CONVERSION = YES;
				CLANG_WARN_INFINITE_RECURSION = YES;
				CLANG_WARN_INT_CONVERSION = YES;
				CLANG_WARN_NON_LITERAL_NULL_CONVERSION = YES;
				CLANG_WARN_OBJC_IMPLICIT_RETAIN_SELF = YES;
				CLANG_WARN_OBJC_LITERAL_CONVERSION = YES;
				CLANG_WARN_OBJC_ROOT_CLASS = YES_ERROR;
				CLANG_WARN_QUOTED_INCLUDE_IN_FRAMEWORK_HEADER = YES;
				CLANG_WARN_RANGE_LOOP_ANALYSIS = YES;
				CLANG_WARN_STRICT_PROTOTYPES = YES;
				CLANG_WARN_SUSPICIOUS_MOVE = YES;
				CLANG_WARN_UNGUARDED_AVAILABILITY = YES_AGGRESSIVE;
				CLANG_WARN_UNREACHABLE_CODE = YES;
				CLANG_WARN__DUPLICATE_METHOD_MATCH = YES;
				COPY_PHASE_STRIP = NO;
				DEBUG_INFORMATION_FORMAT = "dwarf-with-dsym";
				ENABLE_NS_ASSERTIONS = NO;
				ENABLE_STRICT_OBJC_MSGSEND = YES;
				GCC_C_LANGUAGE_STANDARD = gnu11;
				GCC_NO_COMMON_BLOCKS = YES;
				GCC_WARN_64_TO_32_BIT_CONVERSION = YES;
				GCC_WARN_ABOUT_RETURN_TYPE = YES_ERROR;
				GCC_WARN_UNDECLARED_SELECTOR = YES;
				GCC_WARN_UNINITIALIZED_AUTOS = YES_AGGRESSIVE;
				GCC_WARN_UNUSED_FUNCTION = YES;
				GCC_WARN_UNUSED_VARIABLE = YES;
				IPHONEOS_DEPLOYMENT_TARGET = 16.2;
				MTL_ENABLE_DEBUG_INFO = NO;
				MTL_FAST_MATH = YES;
				SDKROOT = iphoneos;
				SWIFT_COMPILATION_MODE = wholemodule;
				SWIFT_OPTIMIZATION_LEVEL = "-O";
				VALIDATE_PRODUCT = YES;
			};
			name = Release;
		};
		8654279129CDA5CE006E23A0 /* Debug */ = {
			isa = XCBuildConfiguration;
			buildSettings = {
				ASSETCATALOG_COMPILER_APPICON_NAME = AppIcon;
				ASSETCATALOG_COMPILER_GLOBAL_ACCENT_COLOR_NAME = AccentColor;
				CODE_SIGN_STYLE = Automatic;
				CURRENT_PROJECT_VERSION = 1;
				DEVELOPMENT_TEAM = YB5KQCLMY6;
				GENERATE_INFOPLIST_FILE = YES;
				INFOPLIST_FILE = TodoVipApp/Info.plist;
				INFOPLIST_KEY_UIApplicationSupportsIndirectInputEvents = YES;
				INFOPLIST_KEY_UILaunchStoryboardName = LaunchScreen;
				INFOPLIST_KEY_UIMainStoryboardFile = Main;
				INFOPLIST_KEY_UISupportedInterfaceOrientations_iPad = "UIInterfaceOrientationPortrait UIInterfaceOrientationPortraitUpsideDown UIInterfaceOrientationLandscapeLeft UIInterfaceOrientationLandscapeRight";
				INFOPLIST_KEY_UISupportedInterfaceOrientations_iPhone = "UIInterfaceOrientationPortrait UIInterfaceOrientationLandscapeLeft UIInterfaceOrientationLandscapeRight";
				LD_RUNPATH_SEARCH_PATHS = (
					"$(inherited)",
					"@executable_path/Frameworks",
				);
				MARKETING_VERSION = 1.0;
				PRODUCT_BUNDLE_IDENTIFIER = joohan.TodoVipApp;
				PRODUCT_NAME = "$(TARGET_NAME)";
				SWIFT_EMIT_LOC_STRINGS = YES;
				SWIFT_VERSION = 5.0;
				TARGETED_DEVICE_FAMILY = "1,2";
			};
			name = Debug;
		};
		8654279229CDA5CE006E23A0 /* Release */ = {
			isa = XCBuildConfiguration;
			buildSettings = {
				ASSETCATALOG_COMPILER_APPICON_NAME = AppIcon;
				ASSETCATALOG_COMPILER_GLOBAL_ACCENT_COLOR_NAME = AccentColor;
				CODE_SIGN_STYLE = Automatic;
				CURRENT_PROJECT_VERSION = 1;
				DEVELOPMENT_TEAM = YB5KQCLMY6;
				GENERATE_INFOPLIST_FILE = YES;
				INFOPLIST_FILE = TodoVipApp/Info.plist;
				INFOPLIST_KEY_UIApplicationSupportsIndirectInputEvents = YES;
				INFOPLIST_KEY_UILaunchStoryboardName = LaunchScreen;
				INFOPLIST_KEY_UIMainStoryboardFile = Main;
				INFOPLIST_KEY_UISupportedInterfaceOrientations_iPad = "UIInterfaceOrientationPortrait UIInterfaceOrientationPortraitUpsideDown UIInterfaceOrientationLandscapeLeft UIInterfaceOrientationLandscapeRight";
				INFOPLIST_KEY_UISupportedInterfaceOrientations_iPhone = "UIInterfaceOrientationPortrait UIInterfaceOrientationLandscapeLeft UIInterfaceOrientationLandscapeRight";
				LD_RUNPATH_SEARCH_PATHS = (
					"$(inherited)",
					"@executable_path/Frameworks",
				);
				MARKETING_VERSION = 1.0;
				PRODUCT_BUNDLE_IDENTIFIER = joohan.TodoVipApp;
				PRODUCT_NAME = "$(TARGET_NAME)";
				SWIFT_EMIT_LOC_STRINGS = YES;
				SWIFT_VERSION = 5.0;
				TARGETED_DEVICE_FAMILY = "1,2";
			};
			name = Release;
		};
/* End XCBuildConfiguration section */

/* Begin XCConfigurationList section */
		861A6EA529E5516F0016B873 /* Build configuration list for PBXNativeTarget "TodoVipAppTests" */ = {
			isa = XCConfigurationList;
			buildConfigurations = (
				861A6EA629E5516F0016B873 /* Debug */,
				861A6EA729E5516F0016B873 /* Release */,
			);
			defaultConfigurationIsVisible = 0;
			defaultConfigurationName = Release;
		};
		8654277729CDA5CE006E23A0 /* Build configuration list for PBXProject "TodoVipApp" */ = {
			isa = XCConfigurationList;
			buildConfigurations = (
				8654278E29CDA5CE006E23A0 /* Debug */,
				8654278F29CDA5CE006E23A0 /* Release */,
			);
			defaultConfigurationIsVisible = 0;
			defaultConfigurationName = Release;
		};
		8654279029CDA5CE006E23A0 /* Build configuration list for PBXNativeTarget "TodoVipApp" */ = {
			isa = XCConfigurationList;
			buildConfigurations = (
				8654279129CDA5CE006E23A0 /* Debug */,
				8654279229CDA5CE006E23A0 /* Release */,
			);
			defaultConfigurationIsVisible = 0;
			defaultConfigurationName = Release;
		};
/* End XCConfigurationList section */

/* Begin XCRemoteSwiftPackageReference section */
		8606429E29DDC6AA00BCFD5C /* XCRemoteSwiftPackageReference "CombineCocoa" */ = {
			isa = XCRemoteSwiftPackageReference;
			repositoryURL = "https://github.com/CombineCommunity/CombineCocoa.git";
			requirement = {
				branch = main;
				kind = branch;
			};
		};
		861A6E6029E449AE0016B873 /* XCRemoteSwiftPackageReference "RxSwift" */ = {
			isa = XCRemoteSwiftPackageReference;
			repositoryURL = "https://github.com/ReactiveX/RxSwift.git";
			requirement = {
				branch = main;
				kind = branch;
			};
		};
/* End XCRemoteSwiftPackageReference section */

/* Begin XCSwiftPackageProductDependency section */
		8606429F29DDC6AA00BCFD5C /* CombineCocoa */ = {
			isa = XCSwiftPackageProductDependency;
			package = 8606429E29DDC6AA00BCFD5C /* XCRemoteSwiftPackageReference "CombineCocoa" */;
			productName = CombineCocoa;
		};
		861A6E6129E449AE0016B873 /* RxCocoa */ = {
			isa = XCSwiftPackageProductDependency;
			package = 861A6E6029E449AE0016B873 /* XCRemoteSwiftPackageReference "RxSwift" */;
			productName = RxCocoa;
		};
		861A6E6329E449AE0016B873 /* RxRelay */ = {
			isa = XCSwiftPackageProductDependency;
			package = 861A6E6029E449AE0016B873 /* XCRemoteSwiftPackageReference "RxSwift" */;
			productName = RxRelay;
		};
/* End XCSwiftPackageProductDependency section */
	};
	rootObject = 8654277429CDA5CE006E23A0 /* Project object */;
}
